
Microsoft Visual Studio Solution File, Format Version 12.00
# Visual Studio 15
VisualStudioVersion = 15.0.28307.1022
MinimumVisualStudioVersion = 10.0.40219.1
Project("{9092AA53-FB77-4645-B42D-1CCCA6BD08BD}") = "PWA-Web-App", "PWA-Web-App\PWA-Web-App.njsproj", "{C25738E5-E9FB-4B2F-A436-A56CA253BFB8}"
EndProject
Global
	GlobalSection(SolutionConfigurationPlatforms) = preSolution
		Debug|Any CPU = Debug|Any CPU
		Release|Any CPU = Release|Any CPU
	EndGlobalSection
	GlobalSection(ProjectConfigurationPlatforms) = postSolution
		{C25738E5-E9FB-4B2F-A436-A56CA253BFB8}.Debug|Any CPU.ActiveCfg = Debug|Any CPU
		{C25738E5-E9FB-4B2F-A436-A56CA253BFB8}.Debug|Any CPU.Build.0 = Debug|Any CPU
		{C25738E5-E9FB-4B2F-A436-A56CA253BFB8}.Release|Any CPU.ActiveCfg = Release|Any CPU
		{C25738E5-E9FB-4B2F-A436-A56CA253BFB8}.Release|Any CPU.Build.0 = Release|Any CPU
	EndGlobalSection
	GlobalSection(SolutionProperties) = preSolution
		HideSolutionNode = FALSE
	EndGlobalSection
	GlobalSection(ExtensibilityGlobals) = postSolution
		SolutionGuid = {33842335-FDFE-41FA-9D78-CA9EAD71856F}
	EndGlobalSection
EndGlobal
